
Microsoft Visual Studio Solution File, Format Version 12.00
# Visual Studio Version 16
VisualStudioVersion = 16.0.30717.126
MinimumVisualStudioVersion = 10.0.40219.1
Project("{2150E333-8FDC-42A3-9474-1A3956D46DE8}") = "API", "API", "{490EDB36-EBA5-4867-B74B-AED7DCE45570}"
EndProject
Project("{FAE04EC0-301F-11D3-BF4B-00C04F79EFBC}") = "WebAPI", "WebAPI\WebAPI.csproj", "{CC368EAA-244C-4FE0-9D1E-A4E0AFB4D519}"
EndProject
Project("{2150E333-8FDC-42A3-9474-1A3956D46DE8}") = "Domain", "Domain", "{6D88E258-F7DE-462C-9759-15350A6B3B6C}"
EndProject
Project("{2150E333-8FDC-42A3-9474-1A3956D46DE8}") = "Infra", "Infra", "{AB76AE2B-281D-4EC0-9026-8C79B22F8601}"
EndProject
Project("{FAE04EC0-301F-11D3-BF4B-00C04F79EFBC}") = "SBF.Domain", "SBF.Domain\SBF.Domain.csproj", "{A153FA64-6253-4A05-8852-D574531E5143}"
EndProject
Project("{FAE04EC0-301F-11D3-BF4B-00C04F79EFBC}") = "SBF.Infra", "SBF.Infra\SBF.Infra.csproj", "{6FE44B7A-8615-40EA-A36F-4A829AC68AB2}"
EndProject
Project("{FAE04EC0-301F-11D3-BF4B-00C04F79EFBC}") = "SBF.IoC", "SBF.IoC\SBF.IoC.csproj", "{52CFF3C6-8AB6-4CDD-A885-01664225912F}"
EndProject
Global
	GlobalSection(SolutionConfigurationPlatforms) = preSolution
		Debug|Any CPU = Debug|Any CPU
		Release|Any CPU = Release|Any CPU
	EndGlobalSection
	GlobalSection(ProjectConfigurationPlatforms) = postSolution
		{CC368EAA-244C-4FE0-9D1E-A4E0AFB4D519}.Debug|Any CPU.ActiveCfg = Debug|Any CPU
		{CC368EAA-244C-4FE0-9D1E-A4E0AFB4D519}.Debug|Any CPU.Build.0 = Debug|Any CPU
		{CC368EAA-244C-4FE0-9D1E-A4E0AFB4D519}.Release|Any CPU.ActiveCfg = Release|Any CPU
		{CC368EAA-244C-4FE0-9D1E-A4E0AFB4D519}.Release|Any CPU.Build.0 = Release|Any CPU
		{A153FA64-6253-4A05-8852-D574531E5143}.Debug|Any CPU.ActiveCfg = Debug|Any CPU
		{A153FA64-6253-4A05-8852-D574531E5143}.Debug|Any CPU.Build.0 = Debug|Any CPU
		{A153FA64-6253-4A05-8852-D574531E5143}.Release|Any CPU.ActiveCfg = Release|Any CPU
		{A153FA64-6253-4A05-8852-D574531E5143}.Release|Any CPU.Build.0 = Release|Any CPU
		{6FE44B7A-8615-40EA-A36F-4A829AC68AB2}.Debug|Any CPU.ActiveCfg = Debug|Any CPU
		{6FE44B7A-8615-40EA-A36F-4A829AC68AB2}.Debug|Any CPU.Build.0 = Debug|Any CPU
		{6FE44B7A-8615-40EA-A36F-4A829AC68AB2}.Release|Any CPU.ActiveCfg = Release|Any CPU
		{6FE44B7A-8615-40EA-A36F-4A829AC68AB2}.Release|Any CPU.Build.0 = Release|Any CPU
		{52CFF3C6-8AB6-4CDD-A885-01664225912F}.Debug|Any CPU.ActiveCfg = Debug|Any CPU
		{52CFF3C6-8AB6-4CDD-A885-01664225912F}.Debug|Any CPU.Build.0 = Debug|Any CPU
		{52CFF3C6-8AB6-4CDD-A885-01664225912F}.Release|Any CPU.ActiveCfg = Release|Any CPU
		{52CFF3C6-8AB6-4CDD-A885-01664225912F}.Release|Any CPU.Build.0 = Release|Any CPU
	EndGlobalSection
	GlobalSection(SolutionProperties) = preSolution
		HideSolutionNode = FALSE
	EndGlobalSection
	GlobalSection(NestedProjects) = preSolution
		{CC368EAA-244C-4FE0-9D1E-A4E0AFB4D519} = {490EDB36-EBA5-4867-B74B-AED7DCE45570}
		{A153FA64-6253-4A05-8852-D574531E5143} = {6D88E258-F7DE-462C-9759-15350A6B3B6C}
		{6FE44B7A-8615-40EA-A36F-4A829AC68AB2} = {AB76AE2B-281D-4EC0-9026-8C79B22F8601}
		{52CFF3C6-8AB6-4CDD-A885-01664225912F} = {AB76AE2B-281D-4EC0-9026-8C79B22F8601}
	EndGlobalSection
	GlobalSection(ExtensibilityGlobals) = postSolution
		SolutionGuid = {DDD91DC6-8AAB-4EEC-85F4-319E58C7817F}
	EndGlobalSection
EndGlobal
